
Microsoft Visual Studio Solution File, Format Version 12.00
# Visual Studio Version 16
VisualStudioVersion = 16.0.31702.278
MinimumVisualStudioVersion = 10.0.40219.1
Project("{FAE04EC0-301F-11D3-BF4B-00C04F79EFBC}") = "WebAPI_project_assignment1_LisleLojo", "WebAPI_project_assignment1_LisleLojo\WebAPI_project_assignment1_LisleLojo.csproj", "{C8C5A631-1FE1-4314-96A3-87E16FC13ABF}"
EndProject
Global
	GlobalSection(SolutionConfigurationPlatforms) = preSolution
		Debug|Any CPU = Debug|Any CPU
		Release|Any CPU = Release|Any CPU
	EndGlobalSection
	GlobalSection(ProjectConfigurationPlatforms) = postSolution
		{C8C5A631-1FE1-4314-96A3-87E16FC13ABF}.Debug|Any CPU.ActiveCfg = Debug|Any CPU
		{C8C5A631-1FE1-4314-96A3-87E16FC13ABF}.Debug|Any CPU.Build.0 = Debug|Any CPU
		{C8C5A631-1FE1-4314-96A3-87E16FC13ABF}.Release|Any CPU.ActiveCfg = Release|Any CPU
		{C8C5A631-1FE1-4314-96A3-87E16FC13ABF}.Release|Any CPU.Build.0 = Release|Any CPU
	EndGlobalSection
	GlobalSection(SolutionProperties) = preSolution
		HideSolutionNode = FALSE
	EndGlobalSection
	GlobalSection(ExtensibilityGlobals) = postSolution
		SolutionGuid = {C1F022D3-A260-4770-8FBE-8FFFD3792009}
	EndGlobalSection
EndGlobal
